// !$*UTF8*$!
{
	archiveVersion = 1;
	classes = {
	};
	objectVersion = 46;
	objects = {

/* Begin PBXBuildFile section */
		B37E95061C893B95003760A7 /* AppDelegate.swift in Sources */ = {isa = PBXBuildFile; fileRef = B37E95051C893B95003760A7 /* AppDelegate.swift */; };
		B37E95081C893B95003760A7 /* ViewController.swift in Sources */ = {isa = PBXBuildFile; fileRef = B37E95071C893B95003760A7 /* ViewController.swift */; };
		B37E950B1C893B95003760A7 /* Main.storyboard in Resources */ = {isa = PBXBuildFile; fileRef = B37E95091C893B95003760A7 /* Main.storyboard */; };
		B37E950D1C893B95003760A7 /* Assets.xcassets in Resources */ = {isa = PBXBuildFile; fileRef = B37E950C1C893B95003760A7 /* Assets.xcassets */; };
		B37E95101C893B95003760A7 /* LaunchScreen.storyboard in Resources */ = {isa = PBXBuildFile; fileRef = B37E950E1C893B95003760A7 /* LaunchScreen.storyboard */; };
		B37E951B1C893B95003760A7 /* ApplePayDemoTests.swift in Sources */ = {isa = PBXBuildFile; fileRef = B37E951A1C893B95003760A7 /* ApplePayDemoTests.swift */; };
		B37E95261C893B95003760A7 /* ApplePayDemoUITests.swift in Sources */ = {isa = PBXBuildFile; fileRef = B37E95251C893B95003760A7 /* ApplePayDemoUITests.swift */; };
/* End PBXBuildFile section */

/* Begin PBXContainerItemProxy section */
		B37E95171C893B95003760A7 /* PBXContainerItemProxy */ = {
			isa = PBXContainerItemProxy;
			containerPortal = B37E94FA1C893B95003760A7 /* Project object */;
			proxyType = 1;
			remoteGlobalIDString = B37E95011C893B95003760A7;
			remoteInfo = ApplePayDemo;
		};
		B37E95221C893B95003760A7 /* PBXContainerItemProxy */ = {
			isa = PBXContainerItemProxy;
			containerPortal = B37E94FA1C893B95003760A7 /* Project object */;
			proxyType = 1;
			remoteGlobalIDString = B37E95011C893B95003760A7;
			remoteInfo = ApplePayDemo;
		};
/* End PBXContainerItemProxy section */

/* Begin PBXFileReference section */
		B37E95021C893B95003760A7 /* ApplePayDemo.app */ = {isa = PBXFileReference; explicitFileType = wrapper.application; includeInIndex = 0; path = ApplePayDemo.app; sourceTree = BUILT_PRODUCTS_DIR; };
		B37E95051C893B95003760A7 /* AppDelegate.swift */ = {isa = PBXFileReference; lastKnownFileType = sourcecode.swift; path = AppDelegate.swift; sourceTree = "<group>"; };
		B37E95071C893B95003760A7 /* ViewController.swift */ = {isa = PBXFileReference; lastKnownFileType = sourcecode.swift; path = ViewController.swift; sourceTree = "<group>"; };
		B37E950A1C893B95003760A7 /* Base */ = {isa = PBXFileReference; lastKnownFileType = file.storyboard; name = Base; path = Base.lproj/Main.storyboard; sourceTree = "<group>"; };
		B37E950C1C893B95003760A7 /* Assets.xcassets */ = {isa = PBXFileReference; lastKnownFileType = folder.assetcatalog; path = Assets.xcassets; sourceTree = "<group>"; };
		B37E950F1C893B95003760A7 /* Base */ = {isa = PBXFileReference; lastKnownFileType = file.storyboard; name = Base; path = Base.lproj/LaunchScreen.storyboard; sourceTree = "<group>"; };
		B37E95111C893B95003760A7 /* Info.plist */ = {isa = PBXFileReference; lastKnownFileType = text.plist.xml; path = Info.plist; sourceTree = "<group>"; };
		B37E95161C893B95003760A7 /* ApplePayDemoTests.xctest */ = {isa = PBXFileReference; explicitFileType = wrapper.cfbundle; includeInIndex = 0; path = ApplePayDemoTests.xctest; sourceTree = BUILT_PRODUCTS_DIR; };
		B37E951A1C893B95003760A7 /* ApplePayDemoTests.swift */ = {isa = PBXFileReference; lastKnownFileType = sourcecode.swift; path = ApplePayDemoTests.swift; sourceTree = "<group>"; };
		B37E951C1C893B95003760A7 /* Info.plist */ = {isa = PBXFileReference; lastKnownFileType = text.plist.xml; path = Info.plist; sourceTree = "<group>"; };
		B37E95211C893B95003760A7 /* ApplePayDemoUITests.xctest */ = {isa = PBXFileReference; explicitFileType = wrapper.cfbundle; includeInIndex = 0; path = ApplePayDemoUITests.xctest; sourceTree = BUILT_PRODUCTS_DIR; };
		B37E95251C893B95003760A7 /* ApplePayDemoUITests.swift */ = {isa = PBXFileReference; lastKnownFileType = sourcecode.swift; path = ApplePayDemoUITests.swift; sourceTree = "<group>"; };
		B37E95271C893B95003760A7 /* Info.plist */ = {isa = PBXFileReference; lastKnownFileType = text.plist.xml; path = Info.plist; sourceTree = "<group>"; };
		B37E95331C893BA4003760A7 /* ApplePayDemo.entitlements */ = {isa = PBXFileReference; lastKnownFileType = text.xml; path = ApplePayDemo.entitlements; sourceTree = "<group>"; };
/* End PBXFileReference section */

/* Begin PBXFrameworksBuildPhase section */
		B37E94FF1C893B95003760A7 /* Frameworks */ = {
			isa = PBXFrameworksBuildPhase;
			buildActionMask = 2147483647;
			files = (
			);
			runOnlyForDeploymentPostprocessing = 0;
		};
		B37E95131C893B95003760A7 /* Frameworks */ = {
			isa = PBXFrameworksBuildPhase;
			buildActionMask = 2147483647;
			files = (
			);
			runOnlyForDeploymentPostprocessing = 0;
		};
		B37E951E1C893B95003760A7 /* Frameworks */ = {
			isa = PBXFrameworksBuildPhase;
			buildActionMask = 2147483647;
			files = (
			);
			runOnlyForDeploymentPostprocessing = 0;
		};
/* End PBXFrameworksBuildPhase section */

/* Begin PBXGroup section */
		B37E94F91C893B95003760A7 = {
			isa = PBXGroup;
			children = (
				B37E95041C893B95003760A7 /* ApplePayDemo */,
				B37E95191C893B95003760A7 /* ApplePayDemoTests */,
				B37E95241C893B95003760A7 /* ApplePayDemoUITests */,
				B37E95031C893B95003760A7 /* Products */,
			);
			sourceTree = "<group>";
		};
		B37E95031C893B95003760A7 /* Products */ = {
			isa = PBXGroup;
			children = (
				B37E95021C893B95003760A7 /* ApplePayDemo.app */,
				B37E95161C893B95003760A7 /* ApplePayDemoTests.xctest */,
				B37E95211C893B95003760A7 /* ApplePayDemoUITests.xctest */,
			);
			name = Products;
			sourceTree = "<group>";
		};
		B37E95041C893B95003760A7 /* ApplePayDemo */ = {
			isa = PBXGroup;
			children = (
				B37E95331C893BA4003760A7 /* ApplePayDemo.entitlements */,
				B37E95051C893B95003760A7 /* AppDelegate.swift */,
				B37E95071C893B95003760A7 /* ViewController.swift */,
				B37E95091C893B95003760A7 /* Main.storyboard */,
				B37E950C1C893B95003760A7 /* Assets.xcassets */,
				B37E950E1C893B95003760A7 /* LaunchScreen.storyboard */,
				B37E95111C893B95003760A7 /* Info.plist */,
			);
			path = ApplePayDemo;
			sourceTree = "<group>";
		};
		B37E95191C893B95003760A7 /* ApplePayDemoTests */ = {
			isa = PBXGroup;
			children = (
				B37E951A1C893B95003760A7 /* ApplePayDemoTests.swift */,
				B37E951C1C893B95003760A7 /* Info.plist */,
			);
			path = ApplePayDemoTests;
			sourceTree = "<group>";
		};
		B37E95241C893B95003760A7 /* ApplePayDemoUITests */ = {
			isa = PBXGroup;
			children = (
				B37E95251C893B95003760A7 /* ApplePayDemoUITests.swift */,
				B37E95271C893B95003760A7 /* Info.plist */,
			);
			path = ApplePayDemoUITests;
			sourceTree = "<group>";
		};
/* End PBXGroup section */

/* Begin PBXNativeTarget section */
		B37E95011C893B95003760A7 /* ApplePayDemo */ = {
			isa = PBXNativeTarget;
			buildConfigurationList = B37E952A1C893B95003760A7 /* Build configuration list for PBXNativeTarget "ApplePayDemo" */;
			buildPhases = (
				B37E94FE1C893B95003760A7 /* Sources */,
				B37E94FF1C893B95003760A7 /* Frameworks */,
				B37E95001C893B95003760A7 /* Resources */,
			);
			buildRules = (
			);
			dependencies = (
			);
			name = ApplePayDemo;
			productName = ApplePayDemo;
			productReference = B37E95021C893B95003760A7 /* ApplePayDemo.app */;
			productType = "com.apple.product-type.application";
		};
		B37E95151C893B95003760A7 /* ApplePayDemoTests */ = {
			isa = PBXNativeTarget;
			buildConfigurationList = B37E952D1C893B95003760A7 /* Build configuration list for PBXNativeTarget "ApplePayDemoTests" */;
			buildPhases = (
				B37E95121C893B95003760A7 /* Sources */,
				B37E95131C893B95003760A7 /* Frameworks */,
				B37E95141C893B95003760A7 /* Resources */,
			);
			buildRules = (
			);
			dependencies = (
				B37E95181C893B95003760A7 /* PBXTargetDependency */,
			);
			name = ApplePayDemoTests;
			productName = ApplePayDemoTests;
			productReference = B37E95161C893B95003760A7 /* ApplePayDemoTests.xctest */;
			productType = "com.apple.product-type.bundle.unit-test";
		};
		B37E95201C893B95003760A7 /* ApplePayDemoUITests */ = {
			isa = PBXNativeTarget;
			buildConfigurationList = B37E95301C893B95003760A7 /* Build configuration list for PBXNativeTarget "ApplePayDemoUITests" */;
			buildPhases = (
				B37E951D1C893B95003760A7 /* Sources */,
				B37E951E1C893B95003760A7 /* Frameworks */,
				B37E951F1C893B95003760A7 /* Resources */,
			);
			buildRules = (
			);
			dependencies = (
				B37E95231C893B95003760A7 /* PBXTargetDependency */,
			);
			name = ApplePayDemoUITests;
			productName = ApplePayDemoUITests;
			productReference = B37E95211C893B95003760A7 /* ApplePayDemoUITests.xctest */;
			productType = "com.apple.product-type.bundle.ui-testing";
		};
/* End PBXNativeTarget section */

/* Begin PBXProject section */
		B37E94FA1C893B95003760A7 /* Project object */ = {
			isa = PBXProject;
			attributes = {
				LastSwiftUpdateCheck = 0720;
				LastUpgradeCheck = 0720;
				ORGANIZATIONNAME = Leo;
				TargetAttributes = {
					B37E95011C893B95003760A7 = {
						CreatedOnToolsVersion = 7.2.1;
						DevelopmentTeam = 4BZ2VM448J;
						SystemCapabilities = {
							com.apple.OMC = {
								enabled = 1;
							};
						};
					};
					B37E95151C893B95003760A7 = {
						CreatedOnToolsVersion = 7.2.1;
						TestTargetID = B37E95011C893B95003760A7;
					};
					B37E95201C893B95003760A7 = {
						CreatedOnToolsVersion = 7.2.1;
						TestTargetID = B37E95011C893B95003760A7;
					};
				};
			};
			buildConfigurationList = B37E94FD1C893B95003760A7 /* Build configuration list for PBXProject "ApplePayDemo" */;
			compatibilityVersion = "Xcode 3.2";
			developmentRegion = English;
			hasScannedForEncodings = 0;
			knownRegions = (
				en,
				Base,
			);
			mainGroup = B37E94F91C893B95003760A7;
			productRefGroup = B37E95031C893B95003760A7 /* Products */;
			projectDirPath = "";
			projectRoot = "";
			targets = (
				B37E95011C893B95003760A7 /* ApplePayDemo */,
				B37E95151C893B95003760A7 /* ApplePayDemoTests */,
				B37E95201C893B95003760A7 /* ApplePayDemoUITests */,
			);
		};
/* End PBXProject section */

/* Begin PBXResourcesBuildPhase section */
		B37E95001C893B95003760A7 /* Resources */ = {
			isa = PBXResourcesBuildPhase;
			buildActionMask = 2147483647;
			files = (
				B37E95101C893B95003760A7 /* LaunchScreen.storyboard in Resources */,
				B37E950D1C893B95003760A7 /* Assets.xcassets in Resources */,
				B37E950B1C893B95003760A7 /* Main.storyboard in Resources */,
			);
			runOnlyForDeploymentPostprocessing = 0;
		};
		B37E95141C893B95003760A7 /* Resources */ = {
			isa = PBXResourcesBuildPhase;
			buildActionMask = 2147483647;
			files = (
			);
			runOnlyForDeploymentPostprocessing = 0;
		};
		B37E951F1C893B95003760A7 /* Resources */ = {
			isa = PBXResourcesBuildPhase;
			buildActionMask = 2147483647;
			files = (
			);
			runOnlyForDeploymentPostprocessing = 0;
		};
/* End PBXResourcesBuildPhase section */

/* Begin PBXSourcesBuildPhase section */
		B37E94FE1C893B95003760A7 /* Sources */ = {
			isa = PBXSourcesBuildPhase;
			buildActionMask = 2147483647;
			files = (
				B37E95081C893B95003760A7 /* ViewController.swift in Sources */,
				B37E95061C893B95003760A7 /* AppDelegate.swift in Sources */,
			);
			runOnlyForDeploymentPostprocessing = 0;
		};
		B37E95121C893B95003760A7 /* Sources */ = {
			isa = PBXSourcesBuildPhase;
			buildActionMask = 2147483647;
			files = (
				B37E951B1C893B95003760A7 /* ApplePayDemoTests.swift in Sources */,
			);
			runOnlyForDeploymentPostprocessing = 0;
		};
		B37E951D1C893B95003760A7 /* Sources */ = {
			isa = PBXSourcesBuildPhase;
			buildActionMask = 2147483647;
			files = (
				B37E95261C893B95003760A7 /* ApplePayDemoUITests.swift in Sources */,
			);
			runOnlyForDeploymentPostprocessing = 0;
		};
/* End PBXSourcesBuildPhase section */

/* Begin PBXTargetDependency section */
		B37E95181C893B95003760A7 /* PBXTargetDependency */ = {
			isa = PBXTargetDependency;
			target = B37E95011C893B95003760A7 /* ApplePayDemo */;
			targetProxy = B37E95171C893B95003760A7 /* PBXContainerItemProxy */;
		};
		B37E95231C893B95003760A7 /* PBXTargetDependency */ = {
			isa = PBXTargetDependency;
			target = B37E95011C893B95003760A7 /* ApplePayDemo */;
			targetProxy = B37E95221C893B95003760A7 /* PBXContainerItemProxy */;
		};
/* End PBXTargetDependency section */

/* Begin PBXVariantGroup section */
		B37E95091C893B95003760A7 /* Main.storyboard */ = {
			isa = PBXVariantGroup;
			children = (
				B37E950A1C893B95003760A7 /* Base */,
			);
			name = Main.storyboard;
			sourceTree = "<group>";
		};
		B37E950E1C893B95003760A7 /* LaunchScreen.storyboard */ = {
			isa = PBXVariantGroup;
			children = (
				B37E950F1C893B95003760A7 /* Base */,
			);
			name = LaunchScreen.storyboard;
			sourceTree = "<group>";
		};
/* End PBXVariantGroup section */

/* Begin XCBuildConfiguration section */
		B37E95281C893B95003760A7 /* Debug */ = {
			isa = XCBuildConfiguration;
			buildSettings = {
				ALWAYS_SEARCH_USER_PATHS = NO;
				CLANG_CXX_LANGUAGE_STANDARD = "gnu++0x";
				CLANG_CXX_LIBRARY = "libc++";
				CLANG_ENABLE_MODULES = YES;
				CLANG_ENABLE_OBJC_ARC = YES;
				CLANG_WARN_BOOL_CONVERSION = YES;
				CLANG_WARN_CONSTANT_CONVERSION = YES;
				CLANG_WARN_DIRECT_OBJC_ISA_USAGE = YES_ERROR;
				CLANG_WARN_EMPTY_BODY = YES;
				CLANG_WARN_ENUM_CONVERSION = YES;
				CLANG_WARN_INT_CONVERSION = YES;
				CLANG_WARN_OBJC_ROOT_CLASS = YES_ERROR;
				CLANG_WARN_UNREACHABLE_CODE = YES;
				CLANG_WARN__DUPLICATE_METHOD_MATCH = YES;
				"CODE_SIGN_IDENTITY[sdk=iphoneos*]" = "iPhone Developer";
				COPY_PHASE_STRIP = NO;
				DEBUG_INFORMATION_FORMAT = dwarf;
				ENABLE_STRICT_OBJC_MSGSEND = YES;
				ENABLE_TESTABILITY = YES;
				GCC_C_LANGUAGE_STANDARD = gnu99;
				GCC_DYNAMIC_NO_PIC = NO;
				GCC_NO_COMMON_BLOCKS = YES;
				GCC_OPTIMIZATION_LEVEL = 0;
				GCC_PREPROCESSOR_DEFINITIONS = (
					"DEBUG=1",
					"$(inherited)",
				);
				GCC_WARN_64_TO_32_BIT_CONVERSION = YES;
				GCC_WARN_ABOUT_RETURN_TYPE = YES_ERROR;
				GCC_WARN_UNDECLARED_SELECTOR = YES;
				GCC_WARN_UNINITIALIZED_AUTOS = YES_AGGRESSIVE;
				GCC_WARN_UNUSED_FUNCTION = YES;
				GCC_WARN_UNUSED_VARIABLE = YES;
				IPHONEOS_DEPLOYMENT_TARGET = 9.2;
				MTL_ENABLE_DEBUG_INFO = YES;
				ONLY_ACTIVE_ARCH = YES;
				SDKROOT = iphoneos;
				SWIFT_OPTIMIZATION_LEVEL = "-Onone";
				TARGETED_DEVICE_FAMILY = "1,2";
			};
			name = Debug;
		};
		B37E95291C893B95003760A7 /* Release */ = {
			isa = XCBuildConfiguration;
			buildSettings = {
				ALWAYS_SEARCH_USER_PATHS = NO;
				CLANG_CXX_LANGUAGE_STANDARD = "gnu++0x";
				CLANG_CXX_LIBRARY = "libc++";
				CLANG_ENABLE_MODULES = YES;
				CLANG_ENABLE_OBJC_ARC = YES;
				CLANG_WARN_BOOL_CONVERSION = YES;
				CLANG_WARN_CONSTANT_CONVERSION = YES;
				CLANG_WARN_DIRECT_OBJC_ISA_USAGE = YES_ERROR;
				CLANG_WARN_EMPTY_BODY = YES;
				CLANG_WARN_ENUM_CONVERSION = YES;
				CLANG_WARN_INT_CONVERSION = YES;
				CLANG_WARN_OBJC_ROOT_CLASS = YES_ERROR;
				CLANG_WARN_UNREACHABLE_CODE = YES;
				CLANG_WARN__DUPLICATE_METHOD_MATCH = YES;
				"CODE_SIGN_IDENTITY[sdk=iphoneos*]" = "iPhone Developer";
				COPY_PHASE_STRIP = NO;
				DEBUG_INFORMATION_FORMAT = "dwarf-with-dsym";
				ENABLE_NS_ASSERTIONS = NO;
				ENABLE_STRICT_OBJC_MSGSEND = YES;
				GCC_C_LANGUAGE_STANDARD = gnu99;
				GCC_NO_COMMON_BLOCKS = YES;
				GCC_WARN_64_TO_32_BIT_CONVERSION = YES;
				GCC_WARN_ABOUT_RETURN_TYPE = YES_ERROR;
				GCC_WARN_UNDECLARED_SELECTOR = YES;
				GCC_WARN_UNINITIALIZED_AUTOS = YES_AGGRESSIVE;
				GCC_WARN_UNUSED_FUNCTION = YES;
				GCC_WARN_UNUSED_VARIABLE = YES;
				IPHONEOS_DEPLOYMENT_TARGET = 9.2;
				MTL_ENABLE_DEBUG_INFO = NO;
				SDKROOT = iphoneos;
				TARGETED_DEVICE_FAMILY = "1,2";
				VALIDATE_PRODUCT = YES;
			};
			name = Release;
		};
		B37E952B1C893B95003760A7 /* Debug */ = {
			isa = XCBuildConfiguration;
			buildSettings = {
				ASSETCATALOG_COMPILER_APPICON_NAME = AppIcon;
				CODE_SIGN_ENTITLEMENTS = ApplePayDemo/ApplePayDemo.entitlements;
				CODE_SIGN_IDENTITY = "iPhone Developer";
				"CODE_SIGN_IDENTITY[sdk=iphoneos*]" = "iPhone Developer";
				INFOPLIST_FILE = ApplePayDemo/Info.plist;
				IPHONEOS_DEPLOYMENT_TARGET = 8.1;
				LD_RUNPATH_SEARCH_PATHS = "$(inherited) @executable_path/Frameworks";
				PRODUCT_BUNDLE_IDENTIFIER = me.leodev.ApplePayDemo;
				PRODUCT_NAME = "$(TARGET_NAME)";
				PROVISIONING_PROFILE = "";
			};
			name = Debug;
		};
		B37E952C1C893B95003760A7 /* Release */ = {
			isa = XCBuildConfiguration;
			buildSettings = {
				ASSETCATALOG_COMPILER_APPICON_NAME = AppIcon;
				CODE_SIGN_ENTITLEMENTS = ApplePayDemo/ApplePayDemo.entitlements;
				CODE_SIGN_IDENTITY = "iPhone Developer";
				"CODE_SIGN_IDENTITY[sdk=iphoneos*]" = "iPhone Developer";
				INFOPLIST_FILE = ApplePayDemo/Info.plist;
				IPHONEOS_DEPLOYMENT_TARGET = 8.1;
				LD_RUNPATH_SEARCH_PATHS = "$(inherited) @executable_path/Frameworks";
				PRODUCT_BUNDLE_IDENTIFIER = me.leodev.ApplePayDemo;
				PRODUCT_NAME = "$(TARGET_NAME)";
				PROVISIONING_PROFILE = "";
			};
			name = Release;
		};
		B37E952E1C893B95003760A7 /* Debug */ = {
			isa = XCBuildConfiguration;
			buildSettings = {
				BUNDLE_LOADER = "$(TEST_HOST)";
				INFOPLIST_FILE = ApplePayDemoTests/Info.plist;
				LD_RUNPATH_SEARCH_PATHS = "$(inherited) @executable_path/Frameworks @loader_path/Frameworks";
				PRODUCT_BUNDLE_IDENTIFIER = me.leodev.ApplePayDemoTests;
				PRODUCT_NAME = "$(TARGET_NAME)";
				TEST_HOST = "$(BUILT_PRODUCTS_DIR)/ApplePayDemo.app/ApplePayDemo";
			};
			name = Debug;
		};
		B37E952F1C893B95003760A7 /* Release */ = {
			isa = XCBuildConfiguration;
			buildSettings = {
				BUNDLE_LOADER = "$(TEST_HOST)";
				INFOPLIST_FILE = ApplePayDemoTests/Info.plist;
				LD_RUNPATH_SEARCH_PATHS = "$(inherited) @executable_path/Frameworks @loader_path/Frameworks";
				PRODUCT_BUNDLE_IDENTIFIER = me.leodev.ApplePayDemoTests;
				PRODUCT_NAME = "$(TARGET_NAME)";
				TEST_HOST = "$(BUILT_PRODUCTS_DIR)/ApplePayDemo.app/ApplePayDemo";
			};
			name = Release;
		};
		B37E95311C893B95003760A7 /* Debug */ = {
			isa = XCBuildConfiguration;
			buildSettings = {
				INFOPLIST_FILE = ApplePayDemoUITests/Info.plist;
				LD_RUNPATH_SEARCH_PATHS = "$(inherited) @executable_path/Frameworks @loader_path/Frameworks";
				PRODUCT_BUNDLE_IDENTIFIER = me.leodev.ApplePayDemoUITests;
				PRODUCT_NAME = "$(TARGET_NAME)";
				TEST_TARGET_NAME = ApplePayDemo;
				USES_XCTRUNNER = YES;
			};
			name = Debug;
		};
		B37E95321C893B95003760A7 /* Release */ = {
			isa = XCBuildConfiguration;
			buildSettings = {
				INFOPLIST_FILE = ApplePayDemoUITests/Info.plist;
				LD_RUNPATH_SEARCH_PATHS = "$(inherited) @executable_path/Frameworks @loader_path/Frameworks";
				PRODUCT_BUNDLE_IDENTIFIER = me.leodev.ApplePayDemoUITests;
				PRODUCT_NAME = "$(TARGET_NAME)";
				TEST_TARGET_NAME = ApplePayDemo;
				USES_XCTRUNNER = YES;
			};
			name = Release;
		};
/* End XCBuildConfiguration section */

/* Begin XCConfigurationList section */
		B37E94FD1C893B95003760A7 /* Build configuration list for PBXProject "ApplePayDemo" */ = {
			isa = XCConfigurationList;
			buildConfigurations = (
				B37E95281C893B95003760A7 /* Debug */,
				B37E95291C893B95003760A7 /* Release */,
			);
			defaultConfigurationIsVisible = 0;
			defaultConfigurationName = Release;
		};
		B37E952A1C893B95003760A7 /* Build configuration list for PBXNativeTarget "ApplePayDemo" */ = {
			isa = XCConfigurationList;
			buildConfigurations = (
				B37E952B1C893B95003760A7 /* Debug */,
				B37E952C1C893B95003760A7 /* Release */,
			);
			defaultConfigurationIsVisible = 0;
		};
		B37E952D1C893B95003760A7 /* Build configuration list for PBXNativeTarget "ApplePayDemoTests" */ = {
			isa = XCConfigurationList;
			buildConfigurations = (
				B37E952E1C893B95003760A7 /* Debug */,
				B37E952F1C893B95003760A7 /* Release */,
			);
			defaultConfigurationIsVisible = 0;
		};
		B37E95301C893B95003760A7 /* Build configuration list for PBXNativeTarget "ApplePayDemoUITests" */ = {
			isa = XCConfigurationList;
			buildConfigurations = (
				B37E95311C893B95003760A7 /* Debug */,
				B37E95321C893B95003760A7 /* Release */,
			);
			defaultConfigurationIsVisible = 0;
		};
/* End XCConfigurationList section */
	};
	rootObject = B37E94FA1C893B95003760A7 /* Project object */;
}
